// !$*UTF8*$!
{
	archiveVersion = 1;
	classes = {
	};
	objectVersion = 77;
	objects = {

/* Begin PBXBuildFile section */
		E101C8462DF4597300D93B81 /* libz.tbd in Frameworks */ = {isa = PBXBuildFile; fileRef = E101C8452DF4597300D93B81 /* libz.tbd */; };
		E101C8572DF46BF400D93B81 /* IOSurface.framework in Frameworks */ = {isa = PBXBuildFile; fileRef = E101C8562DF46BF400D93B81 /* IOSurface.framework */; };
		E101C8592DF46BF700D93B81 /* IOKit.framework in Frameworks */ = {isa = PBXBuildFile; fileRef = E101C8582DF46BF700D93B81 /* IOKit.framework */; };
		E17858F12DF55A2B00163C53 /* Contacts.framework in Frameworks */ = {isa = PBXBuildFile; fileRef = E17858F02DF55A2B00163C53 /* Contacts.framework */; };
		E17858F82DF56C0700163C53 /* QuickLook.framework in Frameworks */ = {isa = PBXBuildFile; fileRef = E17858F72DF56C0700163C53 /* QuickLook.framework */; };
		E17858FC2DF56D3B00163C53 /* UIKit.framework in Frameworks */ = {isa = PBXBuildFile; fileRef = E17858FB2DF56D3B00163C53 /* UIKit.framework */; };
		E18E48C92DF5E4B40006E711 /* libpthread.tbd in Frameworks */ = {isa = PBXBuildFile; fileRef = E18E48C82DF5E4B40006E711 /* libpthread.tbd */; };
		E1C1AE892DF4920200EA2780 /* CoreText.framework in Frameworks */ = {isa = PBXBuildFile; fileRef = E1C1AE882DF4920200EA2780 /* CoreText.framework */; };
		E1C1AEB12DF4AA5F00EA2780 /* Metal.framework in Frameworks */ = {isa = PBXBuildFile; fileRef = E1C1AEB02DF4AA5F00EA2780 /* Metal.framework */; };
		E1C1AEB52DF4ACC200EA2780 /* libc.tbd in Frameworks */ = {isa = PBXBuildFile; fileRef = E1C1AEB42DF4ACC200EA2780 /* libc.tbd */; };
		E1C1AEB72DF4AEF400EA2780 /* CoreGraphics.framework in Frameworks */ = {isa = PBXBuildFile; fileRef = E1C1AEB62DF4AEF400EA2780 /* CoreGraphics.framework */; };
/* End PBXBuildFile section */

/* Begin PBXContainerItemProxy section */
		E101C8202DF456DC00D93B81 /* PBXContainerItemProxy */ = {
			isa = PBXContainerItemProxy;
			containerPortal = E101C7FC2DF456DC00D93B81 /* Project object */;
			proxyType = 1;
			remoteGlobalIDString = E101C8032DF456DC00D93B81;
			remoteInfo = BugFuzz;
		};
		E101C82A2DF456DC00D93B81 /* PBXContainerItemProxy */ = {
			isa = PBXContainerItemProxy;
			containerPortal = E101C7FC2DF456DC00D93B81 /* Project object */;
			proxyType = 1;
			remoteGlobalIDString = E101C8032DF456DC00D93B81;
			remoteInfo = BugFuzz;
		};
/* End PBXContainerItemProxy section */

/* Begin PBXCopyFilesBuildPhase section */
		E18E48CC2DF5F4F70006E711 /* CopyFiles */ = {
			isa = PBXCopyFilesBuildPhase;
			buildActionMask = 2147483647;
			dstPath = /usr/share/man/man1/;
			dstSubfolderSpec = 0;
			files = (
			);
			runOnlyForDeploymentPostprocessing = 1;
		};
/* End PBXCopyFilesBuildPhase section */

/* Begin PBXFileReference section */
		E101C8042DF456DC00D93B81 /* BugFuzz.app */ = {isa = PBXFileReference; explicitFileType = wrapper.application; includeInIndex = 0; path = BugFuzz.app; sourceTree = BUILT_PRODUCTS_DIR; };
		E101C81F2DF456DC00D93B81 /* BugFuzzTests.xctest */ = {isa = PBXFileReference; explicitFileType = wrapper.cfbundle; includeInIndex = 0; path = BugFuzzTests.xctest; sourceTree = BUILT_PRODUCTS_DIR; };
		E101C8292DF456DC00D93B81 /* BugFuzzUITests.xctest */ = {isa = PBXFileReference; explicitFileType = wrapper.cfbundle; includeInIndex = 0; path = BugFuzzUITests.xctest; sourceTree = BUILT_PRODUCTS_DIR; };
		E101C8452DF4597300D93B81 /* libz.tbd */ = {isa = PBXFileReference; lastKnownFileType = "sourcecode.text-based-dylib-definition"; name = libz.tbd; path = usr/lib/libz.tbd; sourceTree = SDKROOT; };
		E101C8562DF46BF400D93B81 /* IOSurface.framework */ = {isa = PBXFileReference; lastKnownFileType = wrapper.framework; name = IOSurface.framework; path = System/Library/Frameworks/IOSurface.framework; sourceTree = SDKROOT; };
		E101C8582DF46BF700D93B81 /* IOKit.framework */ = {isa = PBXFileReference; lastKnownFileType = wrapper.framework; name = IOKit.framework; path = System/Library/Frameworks/IOKit.framework; sourceTree = SDKROOT; };
		E17858F02DF55A2B00163C53 /* Contacts.framework */ = {isa = PBXFileReference; lastKnownFileType = wrapper.framework; name = Contacts.framework; path = System/Library/Frameworks/Contacts.framework; sourceTree = SDKROOT; };
		E17858F72DF56C0700163C53 /* QuickLook.framework */ = {isa = PBXFileReference; lastKnownFileType = wrapper.framework; name = QuickLook.framework; path = System/Library/Frameworks/QuickLook.framework; sourceTree = SDKROOT; };
		E17858FB2DF56D3B00163C53 /* UIKit.framework */ = {isa = PBXFileReference; lastKnownFileType = wrapper.framework; name = UIKit.framework; path = System/Library/Frameworks/UIKit.framework; sourceTree = SDKROOT; };
		E18E48C82DF5E4B40006E711 /* libpthread.tbd */ = {isa = PBXFileReference; lastKnownFileType = "sourcecode.text-based-dylib-definition"; name = libpthread.tbd; path = usr/lib/libpthread.tbd; sourceTree = SDKROOT; };
		E18E48CE2DF5F4F70006E711 /* ParadoxCMD */ = {isa = PBXFileReference; explicitFileType = "compiled.mach-o.executable"; includeInIndex = 0; path = ParadoxCMD; sourceTree = BUILT_PRODUCTS_DIR; };
		E1C1AE842DF48F2400EA2780 /* CoreBluetooth.framework */ = {isa = PBXFileReference; lastKnownFileType = wrapper.framework; name = CoreBluetooth.framework; path = System/Library/Frameworks/CoreBluetooth.framework; sourceTree = SDKROOT; };
		E1C1AE882DF4920200EA2780 /* CoreText.framework */ = {isa = PBXFileReference; lastKnownFileType = wrapper.framework; name = CoreText.framework; path = System/Library/Frameworks/CoreText.framework; sourceTree = SDKROOT; };
		E1C1AEB02DF4AA5F00EA2780 /* Metal.framework */ = {isa = PBXFileReference; lastKnownFileType = wrapper.framework; name = Metal.framework; path = System/Library/Frameworks/Metal.framework; sourceTree = SDKROOT; };
		E1C1AEB42DF4ACC200EA2780 /* libc.tbd */ = {isa = PBXFileReference; lastKnownFileType = "sourcecode.text-based-dylib-definition"; name = libc.tbd; path = usr/lib/libc.tbd; sourceTree = SDKROOT; };
		E1C1AEB62DF4AEF400EA2780 /* CoreGraphics.framework */ = {isa = PBXFileReference; lastKnownFileType = wrapper.framework; name = CoreGraphics.framework; path = System/Library/Frameworks/CoreGraphics.framework; sourceTree = SDKROOT; };
/* End PBXFileReference section */

/* Begin PBXFileSystemSynchronizedBuildFileExceptionSet section */
		E101C8312DF456DC00D93B81 /* Exceptions for "BugFuzz" folder in "BugFuzz" target */ = {
			isa = PBXFileSystemSynchronizedBuildFileExceptionSet;
			membershipExceptions = (
				Info.plist,
			);
			target = E101C8032DF456DC00D93B81 /* BugFuzz */;
		};
/* End PBXFileSystemSynchronizedBuildFileExceptionSet section */

/* Begin PBXFileSystemSynchronizedRootGroup section */
		E101C8062DF456DC00D93B81 /* BugFuzz */ = {
			isa = PBXFileSystemSynchronizedRootGroup;
			exceptions = (
				E101C8312DF456DC00D93B81 /* Exceptions for "BugFuzz" folder in "BugFuzz" target */,
			);
			path = BugFuzz;
			sourceTree = "<group>";
		};
		E101C8222DF456DC00D93B81 /* BugFuzzTests */ = {
			isa = PBXFileSystemSynchronizedRootGroup;
			path = BugFuzzTests;
			sourceTree = "<group>";
		};
		E101C82C2DF456DC00D93B81 /* BugFuzzUITests */ = {
			isa = PBXFileSystemSynchronizedRootGroup;
			path = BugFuzzUITests;
			sourceTree = "<group>";
		};
/* End PBXFileSystemSynchronizedRootGroup section */

/* Begin PBXFrameworksBuildPhase section */
		E101C8012DF456DC00D93B81 /* Frameworks */ = {
			isa = PBXFrameworksBuildPhase;
			buildActionMask = 2147483647;
			files = (
				E18E48C92DF5E4B40006E711 /* libpthread.tbd in Frameworks */,
				E17858FC2DF56D3B00163C53 /* UIKit.framework in Frameworks */,
				E17858F82DF56C0700163C53 /* QuickLook.framework in Frameworks */,
				E17858F12DF55A2B00163C53 /* Contacts.framework in Frameworks */,
				E1C1AEB72DF4AEF400EA2780 /* CoreGraphics.framework in Frameworks */,
				E1C1AEB52DF4ACC200EA2780 /* libc.tbd in Frameworks */,
				E1C1AEB12DF4AA5F00EA2780 /* Metal.framework in Frameworks */,
				E1C1AE892DF4920200EA2780 /* CoreText.framework in Frameworks */,
				E101C8592DF46BF700D93B81 /* IOKit.framework in Frameworks */,
				E101C8572DF46BF400D93B81 /* IOSurface.framework in Frameworks */,
				E101C8462DF4597300D93B81 /* libz.tbd in Frameworks */,
			);
			runOnlyForDeploymentPostprocessing = 0;
		};
		E101C81C2DF456DC00D93B81 /* Frameworks */ = {
			isa = PBXFrameworksBuildPhase;
			buildActionMask = 2147483647;
			files = (
			);
			runOnlyForDeploymentPostprocessing = 0;
		};
		E101C8262DF456DC00D93B81 /* Frameworks */ = {
			isa = PBXFrameworksBuildPhase;
			buildActionMask = 2147483647;
			files = (
			);
			runOnlyForDeploymentPostprocessing = 0;
		};
		E18E48CB2DF5F4F70006E711 /* Frameworks */ = {
			isa = PBXFrameworksBuildPhase;
			buildActionMask = 2147483647;
			files = (
			);
			runOnlyForDeploymentPostprocessing = 0;
		};
/* End PBXFrameworksBuildPhase section */

/* Begin PBXGroup section */
		E101C7FB2DF456DC00D93B81 = {
			isa = PBXGroup;
			children = (
				E101C8062DF456DC00D93B81 /* BugFuzz */,
				E101C8222DF456DC00D93B81 /* BugFuzzTests */,
				E101C82C2DF456DC00D93B81 /* BugFuzzUITests */,
				E101C8402DF4582A00D93B81 /* Frameworks */,
				E101C8052DF456DC00D93B81 /* Products */,
			);
			sourceTree = "<group>";
		};
		E101C8052DF456DC00D93B81 /* Products */ = {
			isa = PBXGroup;
			children = (
				E101C8042DF456DC00D93B81 /* BugFuzz.app */,
				E101C81F2DF456DC00D93B81 /* BugFuzzTests.xctest */,
				E101C8292DF456DC00D93B81 /* BugFuzzUITests.xctest */,
				E18E48CE2DF5F4F70006E711 /* ParadoxCMD */,
			);
			name = Products;
			sourceTree = "<group>";
		};
		E101C8402DF4582A00D93B81 /* Frameworks */ = {
			isa = PBXGroup;
			children = (
				E18E48C82DF5E4B40006E711 /* libpthread.tbd */,
				E17858FB2DF56D3B00163C53 /* UIKit.framework */,
				E17858F72DF56C0700163C53 /* QuickLook.framework */,
				E17858F02DF55A2B00163C53 /* Contacts.framework */,
				E1C1AEB62DF4AEF400EA2780 /* CoreGraphics.framework */,
				E1C1AEB42DF4ACC200EA2780 /* libc.tbd */,
				E1C1AEB02DF4AA5F00EA2780 /* Metal.framework */,
				E1C1AE882DF4920200EA2780 /* CoreText.framework */,
				E1C1AE842DF48F2400EA2780 /* CoreBluetooth.framework */,
				E101C8582DF46BF700D93B81 /* IOKit.framework */,
				E101C8562DF46BF400D93B81 /* IOSurface.framework */,
				E101C8452DF4597300D93B81 /* libz.tbd */,
			);
			name = Frameworks;
			sourceTree = "<group>";
		};
/* End PBXGroup section */

/* Begin PBXNativeTarget section */
		E101C8032DF456DC00D93B81 /* BugFuzz */ = {
			isa = PBXNativeTarget;
			buildConfigurationList = E101C8322DF456DC00D93B81 /* Build configuration list for PBXNativeTarget "BugFuzz" */;
			buildPhases = (
				E101C8002DF456DC00D93B81 /* Sources */,
				E101C8012DF456DC00D93B81 /* Frameworks */,
				E101C8022DF456DC00D93B81 /* Resources */,
			);
			buildRules = (
			);
			dependencies = (
			);
			fileSystemSynchronizedGroups = (
				E101C8062DF456DC00D93B81 /* BugFuzz */,
			);
			name = BugFuzz;
			packageProductDependencies = (
			);
			productName = BugFuzz;
			productReference = E101C8042DF456DC00D93B81 /* BugFuzz.app */;
			productType = "com.apple.product-type.application";
		};
		E101C81E2DF456DC00D93B81 /* BugFuzzTests */ = {
			isa = PBXNativeTarget;
			buildConfigurationList = E101C8372DF456DC00D93B81 /* Build configuration list for PBXNativeTarget "BugFuzzTests" */;
			buildPhases = (
				E101C81B2DF456DC00D93B81 /* Sources */,
				E101C81C2DF456DC00D93B81 /* Frameworks */,
				E101C81D2DF456DC00D93B81 /* Resources */,
			);
			buildRules = (
			);
			dependencies = (
				E101C8212DF456DC00D93B81 /* PBXTargetDependency */,
			);
			fileSystemSynchronizedGroups = (
				E101C8222DF456DC00D93B81 /* BugFuzzTests */,
			);
			name = BugFuzzTests;
			packageProductDependencies = (
			);
			productName = BugFuzzTests;
			productReference = E101C81F2DF456DC00D93B81 /* BugFuzzTests.xctest */;
			productType = "com.apple.product-type.bundle.unit-test";
		};
		E101C8282DF456DC00D93B81 /* BugFuzzUITests */ = {
			isa = PBXNativeTarget;
			buildConfigurationList = E101C83A2DF456DC00D93B81 /* Build configuration list for PBXNativeTarget "BugFuzzUITests" */;
			buildPhases = (
				E101C8252DF456DC00D93B81 /* Sources */,
				E101C8262DF456DC00D93B81 /* Frameworks */,
				E101C8272DF456DC00D93B81 /* Resources */,
			);
			buildRules = (
			);
			dependencies = (
				E101C82B2DF456DC00D93B81 /* PBXTargetDependency */,
			);
			fileSystemSynchronizedGroups = (
				E101C82C2DF456DC00D93B81 /* BugFuzzUITests */,
			);
			name = BugFuzzUITests;
			packageProductDependencies = (
			);
			productName = BugFuzzUITests;
			productReference = E101C8292DF456DC00D93B81 /* BugFuzzUITests.xctest */;
			productType = "com.apple.product-type.bundle.ui-testing";
		};
		E18E48CD2DF5F4F70006E711 /* ParadoxCMD */ = {
			isa = PBXNativeTarget;
			buildConfigurationList = E18E48D22DF5F4F70006E711 /* Build configuration list for PBXNativeTarget "ParadoxCMD" */;
			buildPhases = (
				E18E48CA2DF5F4F70006E711 /* Sources */,
				E18E48CB2DF5F4F70006E711 /* Frameworks */,
				E18E48CC2DF5F4F70006E711 /* CopyFiles */,
			);
			buildRules = (
			);
			dependencies = (
			);
			name = ParadoxCMD;
			packageProductDependencies = (
			);
			productName = ParadoxCMD;
			productReference = E18E48CE2DF5F4F70006E711 /* ParadoxCMD */;
			productType = "com.apple.product-type.tool";
		};
/* End PBXNativeTarget section */

/* Begin PBXProject section */
		E101C7FC2DF456DC00D93B81 /* Project object */ = {
			isa = PBXProject;
			attributes = {
				BuildIndependentTargetsInParallel = 1;
				LastUpgradeCheck = 1630;
				TargetAttributes = {
					E101C8032DF456DC00D93B81 = {
						CreatedOnToolsVersion = 16.3;
					};
					E101C81E2DF456DC00D93B81 = {
						CreatedOnToolsVersion = 16.3;
						TestTargetID = E101C8032DF456DC00D93B81;
					};
					E101C8282DF456DC00D93B81 = {
						CreatedOnToolsVersion = 16.3;
						TestTargetID = E101C8032DF456DC00D93B81;
					};
					E18E48CD2DF5F4F70006E711 = {
						CreatedOnToolsVersion = 16.3;
					};
				};
			};
			buildConfigurationList = E101C7FF2DF456DC00D93B81 /* Build configuration list for PBXProject "BugFuzz" */;
			developmentRegion = en;
			hasScannedForEncodings = 0;
			knownRegions = (
				en,
				Base,
			);
			mainGroup = E101C7FB2DF456DC00D93B81;
			minimizedProjectReferenceProxies = 1;
			packageReferences = (
			);
			preferredProjectObjectVersion = 77;
			productRefGroup = E101C8052DF456DC00D93B81 /* Products */;
			projectDirPath = "";
			projectRoot = "";
			targets = (
				E101C8032DF456DC00D93B81 /* BugFuzz */,
				E101C81E2DF456DC00D93B81 /* BugFuzzTests */,
				E101C8282DF456DC00D93B81 /* BugFuzzUITests */,
				E18E48CD2DF5F4F70006E711 /* ParadoxCMD */,
			);
		};
/* End PBXProject section */

/* Begin PBXResourcesBuildPhase section */
		E101C8022DF456DC00D93B81 /* Resources */ = {
			isa = PBXResourcesBuildPhase;
			buildActionMask = 2147483647;
			files = (
			);
			runOnlyForDeploymentPostprocessing = 0;
		};
		E101C81D2DF456DC00D93B81 /* Resources */ = {
			isa = PBXResourcesBuildPhase;
			buildActionMask = 2147483647;
			files = (
			);
			runOnlyForDeploymentPostprocessing = 0;
		};
		E101C8272DF456DC00D93B81 /* Resources */ = {
			isa = PBXResourcesBuildPhase;
			buildActionMask = 2147483647;
			files = (
			);
			runOnlyForDeploymentPostprocessing = 0;
		};
/* End PBXResourcesBuildPhase section */

/* Begin PBXSourcesBuildPhase section */
		E101C8002DF456DC00D93B81 /* Sources */ = {
			isa = PBXSourcesBuildPhase;
			buildActionMask = 2147483647;
			files = (
			);
			runOnlyForDeploymentPostprocessing = 0;
		};
		E101C81B2DF456DC00D93B81 /* Sources */ = {
			isa = PBXSourcesBuildPhase;
			buildActionMask = 2147483647;
			files = (
			);
			runOnlyForDeploymentPostprocessing = 0;
		};
		E101C8252DF456DC00D93B81 /* Sources */ = {
			isa = PBXSourcesBuildPhase;
			buildActionMask = 2147483647;
			files = (
			);
			runOnlyForDeploymentPostprocessing = 0;
		};
		E18E48CA2DF5F4F70006E711 /* Sources */ = {
			isa = PBXSourcesBuildPhase;
			buildActionMask = 2147483647;
			files = (
			);
			runOnlyForDeploymentPostprocessing = 0;
		};
/* End PBXSourcesBuildPhase section */

/* Begin PBXTargetDependency section */
		E101C8212DF456DC00D93B81 /* PBXTargetDependency */ = {
			isa = PBXTargetDependency;
			target = E101C8032DF456DC00D93B81 /* BugFuzz */;
			targetProxy = E101C8202DF456DC00D93B81 /* PBXContainerItemProxy */;
		};
		E101C82B2DF456DC00D93B81 /* PBXTargetDependency */ = {
			isa = PBXTargetDependency;
			target = E101C8032DF456DC00D93B81 /* BugFuzz */;
			targetProxy = E101C82A2DF456DC00D93B81 /* PBXContainerItemProxy */;
		};
/* End PBXTargetDependency section */

/* Begin XCBuildConfiguration section */
		E101C8332DF456DC00D93B81 /* Debug */ = {
			isa = XCBuildConfiguration;
			buildSettings = {
				ASSETCATALOG_COMPILER_APPICON_NAME = AppIcon;
				ASSETCATALOG_COMPILER_GLOBAL_ACCENT_COLOR_NAME = AccentColor;
				CODE_SIGN_STYLE = Automatic;
				CURRENT_PROJECT_VERSION = 1;
				DEVELOPMENT_TEAM = 8J7AVU8UN6;
				GENERATE_INFOPLIST_FILE = YES;
				INFOPLIST_FILE = BugFuzz/Info.plist;
				INFOPLIST_KEY_NSBluetoothAlwaysUsageDescription = "Fuzzing CoreBluetooth for security research.";
				INFOPLIST_KEY_NSCalendarsUsageDescription = "Fuzzing EventKit for security research.";
				INFOPLIST_KEY_NSContactsUsageDescription = "A message that tells the user why the app is requesting access to the user’s contacts.";
				INFOPLIST_KEY_NSLocalNetworkUsageDescription = "Fuzzing mDNSResponder for security research.";
				INFOPLIST_KEY_NSPhotoLibraryAddUsageDescription = "BugFuzz need permission to add to photo album";
				INFOPLIST_KEY_NSPhotoLibraryUsageDescription = "BugFuzz need permission to add to photo album";
				INFOPLIST_KEY_NSRemindersUsageDescription = "Fuzzing EventKit for security research.";
				INFOPLIST_KEY_UIApplicationSupportsIndirectInputEvents = YES;
				INFOPLIST_KEY_UILaunchStoryboardName = LaunchScreen;
				INFOPLIST_KEY_UIMainStoryboardFile = Main;
				INFOPLIST_KEY_UISupportedInterfaceOrientations_iPad = "UIInterfaceOrientationPortrait UIInterfaceOrientationPortraitUpsideDown UIInterfaceOrientationLandscapeLeft UIInterfaceOrientationLandscapeRight";
				INFOPLIST_KEY_UISupportedInterfaceOrientations_iPhone = "UIInterfaceOrientationPortrait UIInterfaceOrientationLandscapeLeft UIInterfaceOrientationLandscapeRight";
				IPHONEOS_DEPLOYMENT_TARGET = 15.6;
				LD_RUNPATH_SEARCH_PATHS = (
					"$(inherited)",
					"@executable_path/Frameworks",
				);
				MARKETING_VERSION = 1.0;
				PRODUCT_BUNDLE_IDENTIFIER = com.speedy67.BugFuzz;
				PRODUCT_NAME = "$(TARGET_NAME)";
				SWIFT_EMIT_LOC_STRINGS = YES;
				TARGETED_DEVICE_FAMILY = "1,2";
			};
			name = Debug;
		};
		E101C8342DF456DC00D93B81 /* Release */ = {
			isa = XCBuildConfiguration;
			buildSettings = {
				ASSETCATALOG_COMPILER_APPICON_NAME = AppIcon;
				ASSETCATALOG_COMPILER_GLOBAL_ACCENT_COLOR_NAME = AccentColor;
				CODE_SIGN_STYLE = Automatic;
				CURRENT_PROJECT_VERSION = 1;
				DEVELOPMENT_TEAM = 8J7AVU8UN6;
				GENERATE_INFOPLIST_FILE = YES;
				INFOPLIST_FILE = BugFuzz/Info.plist;
				INFOPLIST_KEY_NSBluetoothAlwaysUsageDescription = "Fuzzing CoreBluetooth for security research.";
				INFOPLIST_KEY_NSCalendarsUsageDescription = "Fuzzing EventKit for security research.";
				INFOPLIST_KEY_NSContactsUsageDescription = "A message that tells the user why the app is requesting access to the user’s contacts.";
				INFOPLIST_KEY_NSLocalNetworkUsageDescription = "Fuzzing mDNSResponder for security research.";
				INFOPLIST_KEY_NSPhotoLibraryAddUsageDescription = "BugFuzz need permission to add to photo album";
				INFOPLIST_KEY_NSPhotoLibraryUsageDescription = "BugFuzz need permission to add to photo album";
				INFOPLIST_KEY_NSRemindersUsageDescription = "Fuzzing EventKit for security research.";
				INFOPLIST_KEY_UIApplicationSupportsIndirectInputEvents = YES;
				INFOPLIST_KEY_UILaunchStoryboardName = LaunchScreen;
				INFOPLIST_KEY_UIMainStoryboardFile = Main;
				INFOPLIST_KEY_UISupportedInterfaceOrientations_iPad = "UIInterfaceOrientationPortrait UIInterfaceOrientationPortraitUpsideDown UIInterfaceOrientationLandscapeLeft UIInterfaceOrientationLandscapeRight";
				INFOPLIST_KEY_UISupportedInterfaceOrientations_iPhone = "UIInterfaceOrientationPortrait UIInterfaceOrientationLandscapeLeft UIInterfaceOrientationLandscapeRight";
				IPHONEOS_DEPLOYMENT_TARGET = 15.6;
				LD_RUNPATH_SEARCH_PATHS = (
					"$(inherited)",
					"@executable_path/Frameworks",
				);
				MARKETING_VERSION = 1.0;
				PRODUCT_BUNDLE_IDENTIFIER = com.speedy67.BugFuzz;
				PRODUCT_NAME = "$(TARGET_NAME)";
				SWIFT_EMIT_LOC_STRINGS = YES;
				TARGETED_DEVICE_FAMILY = "1,2";
			};
			name = Release;
		};
		E101C8352DF456DC00D93B81 /* Debug */ = {
			isa = XCBuildConfiguration;
			buildSettings = {
				ALWAYS_SEARCH_USER_PATHS = NO;
				ASSETCATALOG_COMPILER_GENERATE_SWIFT_ASSET_SYMBOL_EXTENSIONS = YES;
				CLANG_ANALYZER_NONNULL = YES;
				CLANG_ANALYZER_NUMBER_OBJECT_CONVERSION = YES_AGGRESSIVE;
				CLANG_CXX_LANGUAGE_STANDARD = "gnu++20";
				CLANG_ENABLE_MODULES = YES;
				CLANG_ENABLE_OBJC_ARC = YES;
				CLANG_ENABLE_OBJC_WEAK = YES;
				CLANG_WARN_BLOCK_CAPTURE_AUTORELEASING = YES;
				CLANG_WARN_BOOL_CONVERSION = YES;
				CLANG_WARN_COMMA = YES;
				CLANG_WARN_CONSTANT_CONVERSION = YES;
				CLANG_WARN_DEPRECATED_OBJC_IMPLEMENTATIONS = YES;
				CLANG_WARN_DIRECT_OBJC_ISA_USAGE = YES_ERROR;
				CLANG_WARN_DOCUMENTATION_COMMENTS = YES;
				CLANG_WARN_EMPTY_BODY = YES;
				CLANG_WARN_ENUM_CONVERSION = YES;
				CLANG_WARN_INFINITE_RECURSION = YES;
				CLANG_WARN_INT_CONVERSION = YES;
				CLANG_WARN_NON_LITERAL_NULL_CONVERSION = YES;
				CLANG_WARN_OBJC_IMPLICIT_RETAIN_SELF = YES;
				CLANG_WARN_OBJC_LITERAL_CONVERSION = YES;
				CLANG_WARN_OBJC_ROOT_CLASS = YES_ERROR;
				CLANG_WARN_QUOTED_INCLUDE_IN_FRAMEWORK_HEADER = YES;
				CLANG_WARN_RANGE_LOOP_ANALYSIS = YES;
				CLANG_WARN_STRICT_PROTOTYPES = YES;
				CLANG_WARN_SUSPICIOUS_MOVE = YES;
				CLANG_WARN_UNGUARDED_AVAILABILITY = YES_AGGRESSIVE;
				CLANG_WARN_UNREACHABLE_CODE = YES;
				CLANG_WARN__DUPLICATE_METHOD_MATCH = YES;
				COPY_PHASE_STRIP = NO;
				DEBUG_INFORMATION_FORMAT = dwarf;
				DEVELOPMENT_TEAM = 8J7AVU8UN6;
				ENABLE_STRICT_OBJC_MSGSEND = YES;
				ENABLE_TESTABILITY = YES;
				ENABLE_USER_SCRIPT_SANDBOXING = YES;
				GCC_C_LANGUAGE_STANDARD = gnu17;
				GCC_DYNAMIC_NO_PIC = NO;
				GCC_NO_COMMON_BLOCKS = YES;
				GCC_OPTIMIZATION_LEVEL = 0;
				GCC_PREPROCESSOR_DEFINITIONS = (
					"DEBUG=1",
					"$(inherited)",
				);
				GCC_WARN_64_TO_32_BIT_CONVERSION = YES;
				GCC_WARN_ABOUT_RETURN_TYPE = YES_ERROR;
				GCC_WARN_UNDECLARED_SELECTOR = YES;
				GCC_WARN_UNINITIALIZED_AUTOS = YES_AGGRESSIVE;
				GCC_WARN_UNUSED_FUNCTION = YES;
				GCC_WARN_UNUSED_VARIABLE = YES;
				IPHONEOS_DEPLOYMENT_TARGET = 18.4;
				LOCALIZATION_PREFERS_STRING_CATALOGS = YES;
				MTL_ENABLE_DEBUG_INFO = INCLUDE_SOURCE;
				MTL_FAST_MATH = YES;
				ONLY_ACTIVE_ARCH = YES;
				SDKROOT = iphoneos;
			};
			name = Debug;
		};
		E101C8362DF456DC00D93B81 /* Release */ = {
			isa = XCBuildConfiguration;
			buildSettings = {
				ALWAYS_SEARCH_USER_PATHS = NO;
				ASSETCATALOG_COMPILER_GENERATE_SWIFT_ASSET_SYMBOL_EXTENSIONS = YES;
				CLANG_ANALYZER_NONNULL = YES;
				CLANG_ANALYZER_NUMBER_OBJECT_CONVERSION = YES_AGGRESSIVE;
				CLANG_CXX_LANGUAGE_STANDARD = "gnu++20";
				CLANG_ENABLE_MODULES = YES;
				CLANG_ENABLE_OBJC_ARC = YES;
				CLANG_ENABLE_OBJC_WEAK = YES;
				CLANG_WARN_BLOCK_CAPTURE_AUTORELEASING = YES;
				CLANG_WARN_BOOL_CONVERSION = YES;
				CLANG_WARN_COMMA = YES;
				CLANG_WARN_CONSTANT_CONVERSION = YES;
				CLANG_WARN_DEPRECATED_OBJC_IMPLEMENTATIONS = YES;
				CLANG_WARN_DIRECT_OBJC_ISA_USAGE = YES_ERROR;
				CLANG_WARN_DOCUMENTATION_COMMENTS = YES;
				CLANG_WARN_EMPTY_BODY = YES;
				CLANG_WARN_ENUM_CONVERSION = YES;
				CLANG_WARN_INFINITE_RECURSION = YES;
				CLANG_WARN_INT_CONVERSION = YES;
				CLANG_WARN_NON_LITERAL_NULL_CONVERSION = YES;
				CLANG_WARN_OBJC_IMPLICIT_RETAIN_SELF = YES;
				CLANG_WARN_OBJC_LITERAL_CONVERSION = YES;
				CLANG_WARN_OBJC_ROOT_CLASS = YES_ERROR;
				CLANG_WARN_QUOTED_INCLUDE_IN_FRAMEWORK_HEADER = YES;
				CLANG_WARN_RANGE_LOOP_ANALYSIS = YES;
				CLANG_WARN_STRICT_PROTOTYPES = YES;
				CLANG_WARN_SUSPICIOUS_MOVE = YES;
				CLANG_WARN_UNGUARDED_AVAILABILITY = YES_AGGRESSIVE;
				CLANG_WARN_UNREACHABLE_CODE = YES;
				CLANG_WARN__DUPLICATE_METHOD_MATCH = YES;
				COPY_PHASE_STRIP = NO;
				DEBUG_INFORMATION_FORMAT = "dwarf-with-dsym";
				DEVELOPMENT_TEAM = 8J7AVU8UN6;
				ENABLE_NS_ASSERTIONS = NO;
				ENABLE_STRICT_OBJC_MSGSEND = YES;
				ENABLE_USER_SCRIPT_SANDBOXING = YES;
				GCC_C_LANGUAGE_STANDARD = gnu17;
				GCC_NO_COMMON_BLOCKS = YES;
				GCC_WARN_64_TO_32_BIT_CONVERSION = YES;
				GCC_WARN_ABOUT_RETURN_TYPE = YES_ERROR;
				GCC_WARN_UNDECLARED_SELECTOR = YES;
				GCC_WARN_UNINITIALIZED_AUTOS = YES_AGGRESSIVE;
				GCC_WARN_UNUSED_FUNCTION = YES;
				GCC_WARN_UNUSED_VARIABLE = YES;
				IPHONEOS_DEPLOYMENT_TARGET = 18.4;
				LOCALIZATION_PREFERS_STRING_CATALOGS = YES;
				MTL_ENABLE_DEBUG_INFO = NO;
				MTL_FAST_MATH = YES;
				SDKROOT = iphoneos;
				VALIDATE_PRODUCT = YES;
			};
			name = Release;
		};
		E101C8382DF456DC00D93B81 /* Debug */ = {
			isa = XCBuildConfiguration;
			buildSettings = {
				BUNDLE_LOADER = "$(TEST_HOST)";
				CODE_SIGN_STYLE = Automatic;
				CURRENT_PROJECT_VERSION = 1;
				DEVELOPMENT_TEAM = 8J7AVU8UN6;
				GENERATE_INFOPLIST_FILE = YES;
				IPHONEOS_DEPLOYMENT_TARGET = 18.4;
				MARKETING_VERSION = 1.0;
				PRODUCT_BUNDLE_IDENTIFIER = com.speedy67.BugFuzzTests;
				PRODUCT_NAME = "$(TARGET_NAME)";
				SWIFT_EMIT_LOC_STRINGS = NO;
				TARGETED_DEVICE_FAMILY = "1,2";
				TEST_HOST = "$(BUILT_PRODUCTS_DIR)/BugFuzz.app/$(BUNDLE_EXECUTABLE_FOLDER_PATH)/BugFuzz";
			};
			name = Debug;
		};
		E101C8392DF456DC00D93B81 /* Release */ = {
			isa = XCBuildConfiguration;
			buildSettings = {
				BUNDLE_LOADER = "$(TEST_HOST)";
				CODE_SIGN_STYLE = Automatic;
				CURRENT_PROJECT_VERSION = 1;
				DEVELOPMENT_TEAM = 8J7AVU8UN6;
				GENERATE_INFOPLIST_FILE = YES;
				IPHONEOS_DEPLOYMENT_TARGET = 18.4;
				MARKETING_VERSION = 1.0;
				PRODUCT_BUNDLE_IDENTIFIER = com.speedy67.BugFuzzTests;
				PRODUCT_NAME = "$(TARGET_NAME)";
				SWIFT_EMIT_LOC_STRINGS = NO;
				TARGETED_DEVICE_FAMILY = "1,2";
				TEST_HOST = "$(BUILT_PRODUCTS_DIR)/BugFuzz.app/$(BUNDLE_EXECUTABLE_FOLDER_PATH)/BugFuzz";
			};
			name = Release;
		};
		E101C83B2DF456DC00D93B81 /* Debug */ = {
			isa = XCBuildConfiguration;
			buildSettings = {
				CODE_SIGN_STYLE = Automatic;
				CURRENT_PROJECT_VERSION = 1;
				DEVELOPMENT_TEAM = 8J7AVU8UN6;
				GENERATE_INFOPLIST_FILE = YES;
				MARKETING_VERSION = 1.0;
				PRODUCT_BUNDLE_IDENTIFIER = com.speedy67.BugFuzzUITests;
				PRODUCT_NAME = "$(TARGET_NAME)";
				SWIFT_EMIT_LOC_STRINGS = NO;
				TARGETED_DEVICE_FAMILY = "1,2";
				TEST_TARGET_NAME = BugFuzz;
			};
			name = Debug;
		};
		E101C83C2DF456DC00D93B81 /* Release */ = {
			isa = XCBuildConfiguration;
			buildSettings = {
				CODE_SIGN_STYLE = Automatic;
				CURRENT_PROJECT_VERSION = 1;
				DEVELOPMENT_TEAM = 8J7AVU8UN6;
				GENERATE_INFOPLIST_FILE = YES;
				MARKETING_VERSION = 1.0;
				PRODUCT_BUNDLE_IDENTIFIER = com.speedy67.BugFuzzUITests;
				PRODUCT_NAME = "$(TARGET_NAME)";
				SWIFT_EMIT_LOC_STRINGS = NO;
				TARGETED_DEVICE_FAMILY = "1,2";
				TEST_TARGET_NAME = BugFuzz;
			};
			name = Release;
		};
		E18E48D32DF5F4F70006E711 /* Debug */ = {
			isa = XCBuildConfiguration;
			buildSettings = {
				CODE_SIGN_STYLE = Automatic;
				DEVELOPMENT_TEAM = 8J7AVU8UN6;
				ENABLE_HARDENED_RUNTIME = YES;
				MACOSX_DEPLOYMENT_TARGET = 15.4;
				PRODUCT_NAME = "$(TARGET_NAME)";
				SDKROOT = macosx;
			};
			name = Debug;
		};
		E18E48D42DF5F4F70006E711 /* Release */ = {
			isa = XCBuildConfiguration;
			buildSettings = {
				CODE_SIGN_STYLE = Automatic;
				DEVELOPMENT_TEAM = 8J7AVU8UN6;
				ENABLE_HARDENED_RUNTIME = YES;
				MACOSX_DEPLOYMENT_TARGET = 15.4;
				PRODUCT_NAME = "$(TARGET_NAME)";
				SDKROOT = macosx;
			};
			name = Release;
		};
/* End XCBuildConfiguration section */

/* Begin XCConfigurationList section */
		E101C7FF2DF456DC00D93B81 /* Build configuration list for PBXProject "BugFuzz" */ = {
			isa = XCConfigurationList;
			buildConfigurations = (
				E101C8352DF456DC00D93B81 /* Debug */,
				E101C8362DF456DC00D93B81 /* Release */,
			);
			defaultConfigurationIsVisible = 0;
			defaultConfigurationName = Release;
		};
		E101C8322DF456DC00D93B81 /* Build configuration list for PBXNativeTarget "BugFuzz" */ = {
			isa = XCConfigurationList;
			buildConfigurations = (
				E101C8332DF456DC00D93B81 /* Debug */,
				E101C8342DF456DC00D93B81 /* Release */,
			);
			defaultConfigurationIsVisible = 0;
			defaultConfigurationName = Release;
		};
		E101C8372DF456DC00D93B81 /* Build configuration list for PBXNativeTarget "BugFuzzTests" */ = {
			isa = XCConfigurationList;
			buildConfigurations = (
				E101C8382DF456DC00D93B81 /* Debug */,
				E101C8392DF456DC00D93B81 /* Release */,
			);
			defaultConfigurationIsVisible = 0;
			defaultConfigurationName = Release;
		};
		E101C83A2DF456DC00D93B81 /* Build configuration list for PBXNativeTarget "BugFuzzUITests" */ = {
			isa = XCConfigurationList;
			buildConfigurations = (
				E101C83B2DF456DC00D93B81 /* Debug */,
				E101C83C2DF456DC00D93B81 /* Release */,
			);
			defaultConfigurationIsVisible = 0;
			defaultConfigurationName = Release;
		};
		E18E48D22DF5F4F70006E711 /* Build configuration list for PBXNativeTarget "ParadoxCMD" */ = {
			isa = XCConfigurationList;
			buildConfigurations = (
				E18E48D32DF5F4F70006E711 /* Debug */,
				E18E48D42DF5F4F70006E711 /* Release */,
			);
			defaultConfigurationIsVisible = 0;
			defaultConfigurationName = Release;
		};
/* End XCConfigurationList section */
	};
	rootObject = E101C7FC2DF456DC00D93B81 /* Project object */;
}
